
Microsoft Visual Studio Solution File, Format Version 12.00
# Visual Studio Version 17
VisualStudioVersion = 17.6.33723.286
MinimumVisualStudioVersion = 10.0.40219.1
Project("{FAE04EC0-301F-11D3-BF4B-00C04F79EFBC}") = "TKYMeasure", "TKYMeasure.csproj", "{DD5850C9-DE11-451E-A7F9-7AA43C02F2C8}"
EndProject
Project("{FAE04EC0-301F-11D3-BF4B-00C04F79EFBC}") = "CameraService", "..\CameraService\CameraService.csproj", "{BDCE83E6-B5C9-4830-9134-6DB6395349B5}"
EndProject
Global
	GlobalSection(SolutionConfigurationPlatforms) = preSolution
		Debug|Any CPU = Debug|Any CPU
		Debug|x86 = Debug|x86
		Release|Any CPU = Release|Any CPU
		Release|x86 = Release|x86
	EndGlobalSection
	GlobalSection(ProjectConfigurationPlatforms) = postSolution
		{DD5850C9-DE11-451E-A7F9-7AA43C02F2C8}.Debug|Any CPU.ActiveCfg = Debug|Any CPU
		{DD5850C9-DE11-451E-A7F9-7AA43C02F2C8}.Debug|Any CPU.Build.0 = Debug|Any CPU
		{DD5850C9-DE11-451E-A7F9-7AA43C02F2C8}.Debug|x86.ActiveCfg = Debug|x86
		{DD5850C9-DE11-451E-A7F9-7AA43C02F2C8}.Debug|x86.Build.0 = Debug|x86
		{DD5850C9-DE11-451E-A7F9-7AA43C02F2C8}.Release|Any CPU.ActiveCfg = Release|Any CPU
		{DD5850C9-DE11-451E-A7F9-7AA43C02F2C8}.Release|Any CPU.Build.0 = Release|Any CPU
		{DD5850C9-DE11-451E-A7F9-7AA43C02F2C8}.Release|x86.ActiveCfg = Release|x86
		{DD5850C9-DE11-451E-A7F9-7AA43C02F2C8}.Release|x86.Build.0 = Release|x86
		{BDCE83E6-B5C9-4830-9134-6DB6395349B5}.Debug|Any CPU.ActiveCfg = Debug|Any CPU
		{BDCE83E6-B5C9-4830-9134-6DB6395349B5}.Debug|Any CPU.Build.0 = Debug|Any CPU
		{BDCE83E6-B5C9-4830-9134-6DB6395349B5}.Debug|x86.ActiveCfg = Debug|Any CPU
		{BDCE83E6-B5C9-4830-9134-6DB6395349B5}.Debug|x86.Build.0 = Debug|Any CPU
		{BDCE83E6-B5C9-4830-9134-6DB6395349B5}.Release|Any CPU.ActiveCfg = Release|Any CPU
		{BDCE83E6-B5C9-4830-9134-6DB6395349B5}.Release|Any CPU.Build.0 = Release|Any CPU
		{BDCE83E6-B5C9-4830-9134-6DB6395349B5}.Release|x86.ActiveCfg = Release|Any CPU
		{BDCE83E6-B5C9-4830-9134-6DB6395349B5}.Release|x86.Build.0 = Release|Any CPU
	EndGlobalSection
	GlobalSection(SolutionProperties) = preSolution
		HideSolutionNode = FALSE
	EndGlobalSection
	GlobalSection(ExtensibilityGlobals) = postSolution
		SolutionGuid = {072330D5-A28F-49F8-B336-76A5DA0A6856}
	EndGlobalSection
EndGlobal
